
Microsoft Visual Studio Solution File, Format Version 12.00
# Visual Studio Version 16
VisualStudioVersion = 16.0.28922.388
MinimumVisualStudioVersion = 10.0.40219.1
Project("{FAE04EC0-301F-11D3-BF4B-00C04F79EFBC}") = "StarTrinity.ContinuousSpeedTest", "StarTrinity.ContinuousSpeedTest\StarTrinity.ContinuousSpeedTest.csproj", "{0BC6BFB9-7E70-414E-B831-454BD962493A}"
EndProject
Project("{9A19103F-16F7-4668-BE54-9A1E7A4F7556}") = "Dcomms.SUBT", "Dcomms.SUBT\Dcomms.SUBT.csproj", "{008C120B-493B-4151-A089-7F03D27D276A}"
EndProject
Project("{9A19103F-16F7-4668-BE54-9A1E7A4F7556}") = "Dcomms.Core", "Dcomms.Core\Dcomms.Core.csproj", "{19CEA71C-9EAA-4E77-9DC8-EC0623D8D30B}"
EndProject
Project("{9A19103F-16F7-4668-BE54-9A1E7A4F7556}") = "StarTrinity.ContinuousSpeedTest.CLI", "StarTrinity.ContinuousSpeedTest.CLI\StarTrinity.ContinuousSpeedTest.CLI.csproj", "{48478C62-4AD8-43DF-98AA-3B0834BD33EB}"
EndProject
Project("{FAE04EC0-301F-11D3-BF4B-00C04F79EFBC}") = "StarTrinity.CST.Android", "StarTrinity.CST\StarTrinity.CST.Android\StarTrinity.CST.Android.csproj", "{D0BA9E42-3E56-4739-9DF3-5AB8A93CA2CD}"
EndProject
Project("{FAE04EC0-301F-11D3-BF4B-00C04F79EFBC}") = "StarTrinity.CST.iOS", "StarTrinity.CST\StarTrinity.CST.iOS\StarTrinity.CST.iOS.csproj", "{73C9712C-DD0A-4A3D-9E1D-EF48688B54E3}"
EndProject
Project("{9A19103F-16F7-4668-BE54-9A1E7A4F7556}") = "StarTrinity.CST", "StarTrinity.CST\StarTrinity.CST\StarTrinity.CST.csproj", "{F832B5A3-6D66-4C6B-AADF-0C214C44DD5C}"
EndProject
Project("{FAE04EC0-301F-11D3-BF4B-00C04F79EFBC}") = "Dcomms.CryptographyTester", "Dcomms.CryptographyTester\Dcomms.CryptographyTester.csproj", "{12507FEB-36A7-4753-BC0A-A86ABE3ADE42}"
EndProject
Project("{9A19103F-16F7-4668-BE54-9A1E7A4F7556}") = "Dcomms.NetCoreTester", "Dcomms.NetCoreTester\Dcomms.NetCoreTester.csproj", "{68D4D9E2-D54D-4F96-A7AD-B215FBC568E4}"
EndProject
Project("{FAE04EC0-301F-11D3-BF4B-00C04F79EFBC}") = "Dcomms.Core.Tests", "Dcomms.Core.Tests\Dcomms.Core.Tests.csproj", "{3F40154E-82A9-419B-ABCF-F15A1A1C57D7}"
EndProject
Global
	GlobalSection(SolutionConfigurationPlatforms) = preSolution
		Ad-Hoc|Any CPU = Ad-Hoc|Any CPU
		Ad-Hoc|iPhone = Ad-Hoc|iPhone
		Ad-Hoc|iPhoneSimulator = Ad-Hoc|iPhoneSimulator
		AppStore|Any CPU = AppStore|Any CPU
		AppStore|iPhone = AppStore|iPhone
		AppStore|iPhoneSimulator = AppStore|iPhoneSimulator
		Debug|Any CPU = Debug|Any CPU
		Debug|iPhone = Debug|iPhone
		Debug|iPhoneSimulator = Debug|iPhoneSimulator
		Release|Any CPU = Release|Any CPU
		Release|iPhone = Release|iPhone
		Release|iPhoneSimulator = Release|iPhoneSimulator
	EndGlobalSection
	GlobalSection(ProjectConfigurationPlatforms) = postSolution
		{0BC6BFB9-7E70-414E-B831-454BD962493A}.Ad-Hoc|Any CPU.ActiveCfg = Release|Any CPU
		{0BC6BFB9-7E70-414E-B831-454BD962493A}.Ad-Hoc|Any CPU.Build.0 = Release|Any CPU
		{0BC6BFB9-7E70-414E-B831-454BD962493A}.Ad-Hoc|iPhone.ActiveCfg = Release|Any CPU
		{0BC6BFB9-7E70-414E-B831-454BD962493A}.Ad-Hoc|iPhone.Build.0 = Release|Any CPU
		{0BC6BFB9-7E70-414E-B831-454BD962493A}.Ad-Hoc|iPhoneSimulator.ActiveCfg = Release|Any CPU
		{0BC6BFB9-7E70-414E-B831-454BD962493A}.Ad-Hoc|iPhoneSimulator.Build.0 = Release|Any CPU
		{0BC6BFB9-7E70-414E-B831-454BD962493A}.AppStore|Any CPU.ActiveCfg = Release|Any CPU
		{0BC6BFB9-7E70-414E-B831-454BD962493A}.AppStore|Any CPU.Build.0 = Release|Any CPU
		{0BC6BFB9-7E70-414E-B831-454BD962493A}.AppStore|iPhone.ActiveCfg = Release|Any CPU
		{0BC6BFB9-7E70-414E-B831-454BD962493A}.AppStore|iPhone.Build.0 = Release|Any CPU
		{0BC6BFB9-7E70-414E-B831-454BD962493A}.AppStore|iPhoneSimulator.ActiveCfg = Release|Any CPU
		{0BC6BFB9-7E70-414E-B831-454BD962493A}.AppStore|iPhoneSimulator.Build.0 = Release|Any CPU
		{0BC6BFB9-7E70-414E-B831-454BD962493A}.Debug|Any CPU.ActiveCfg = Debug|Any CPU
		{0BC6BFB9-7E70-414E-B831-454BD962493A}.Debug|Any CPU.Build.0 = Debug|Any CPU
		{0BC6BFB9-7E70-414E-B831-454BD962493A}.Debug|iPhone.ActiveCfg = Debug|Any CPU
		{0BC6BFB9-7E70-414E-B831-454BD962493A}.Debug|iPhone.Build.0 = Debug|Any CPU
		{0BC6BFB9-7E70-414E-B831-454BD962493A}.Debug|iPhoneSimulator.ActiveCfg = Debug|Any CPU
		{0BC6BFB9-7E70-414E-B831-454BD962493A}.Debug|iPhoneSimulator.Build.0 = Debug|Any CPU
		{0BC6BFB9-7E70-414E-B831-454BD962493A}.Release|Any CPU.ActiveCfg = Release|Any CPU
		{0BC6BFB9-7E70-414E-B831-454BD962493A}.Release|Any CPU.Build.0 = Release|Any CPU
		{0BC6BFB9-7E70-414E-B831-454BD962493A}.Release|iPhone.ActiveCfg = Release|Any CPU
		{0BC6BFB9-7E70-414E-B831-454BD962493A}.Release|iPhone.Build.0 = Release|Any CPU
		{0BC6BFB9-7E70-414E-B831-454BD962493A}.Release|iPhoneSimulator.ActiveCfg = Release|Any CPU
		{0BC6BFB9-7E70-414E-B831-454BD962493A}.Release|iPhoneSimulator.Build.0 = Release|Any CPU
		{008C120B-493B-4151-A089-7F03D27D276A}.Ad-Hoc|Any CPU.ActiveCfg = Release|Any CPU
		{008C120B-493B-4151-A089-7F03D27D276A}.Ad-Hoc|Any CPU.Build.0 = Release|Any CPU
		{008C120B-493B-4151-A089-7F03D27D276A}.Ad-Hoc|iPhone.ActiveCfg = Release|Any CPU
		{008C120B-493B-4151-A089-7F03D27D276A}.Ad-Hoc|iPhone.Build.0 = Release|Any CPU
		{008C120B-493B-4151-A089-7F03D27D276A}.Ad-Hoc|iPhoneSimulator.ActiveCfg = Release|Any CPU
		{008C120B-493B-4151-A089-7F03D27D276A}.Ad-Hoc|iPhoneSimulator.Build.0 = Release|Any CPU
		{008C120B-493B-4151-A089-7F03D27D276A}.AppStore|Any CPU.ActiveCfg = Release|Any CPU
		{008C120B-493B-4151-A089-7F03D27D276A}.AppStore|Any CPU.Build.0 = Release|Any CPU
		{008C120B-493B-4151-A089-7F03D27D276A}.AppStore|iPhone.ActiveCfg = Release|Any CPU
		{008C120B-493B-4151-A089-7F03D27D276A}.AppStore|iPhone.Build.0 = Release|Any CPU
		{008C120B-493B-4151-A089-7F03D27D276A}.AppStore|iPhoneSimulator.ActiveCfg = Release|Any CPU
		{008C120B-493B-4151-A089-7F03D27D276A}.AppStore|iPhoneSimulator.Build.0 = Release|Any CPU
		{008C120B-493B-4151-A089-7F03D27D276A}.Debug|Any CPU.ActiveCfg = Debug|Any CPU
		{008C120B-493B-4151-A089-7F03D27D276A}.Debug|Any CPU.Build.0 = Debug|Any CPU
		{008C120B-493B-4151-A089-7F03D27D276A}.Debug|iPhone.ActiveCfg = Debug|Any CPU
		{008C120B-493B-4151-A089-7F03D27D276A}.Debug|iPhone.Build.0 = Debug|Any CPU
		{008C120B-493B-4151-A089-7F03D27D276A}.Debug|iPhoneSimulator.ActiveCfg = Debug|Any CPU
		{008C120B-493B-4151-A089-7F03D27D276A}.Debug|iPhoneSimulator.Build.0 = Debug|Any CPU
		{008C120B-493B-4151-A089-7F03D27D276A}.Release|Any CPU.ActiveCfg = Release|Any CPU
		{008C120B-493B-4151-A089-7F03D27D276A}.Release|Any CPU.Build.0 = Release|Any CPU
		{008C120B-493B-4151-A089-7F03D27D276A}.Release|iPhone.ActiveCfg = Release|Any CPU
		{008C120B-493B-4151-A089-7F03D27D276A}.Release|iPhone.Build.0 = Release|Any CPU
		{008C120B-493B-4151-A089-7F03D27D276A}.Release|iPhoneSimulator.ActiveCfg = Release|Any CPU
		{008C120B-493B-4151-A089-7F03D27D276A}.Release|iPhoneSimulator.Build.0 = Release|Any CPU
		{19CEA71C-9EAA-4E77-9DC8-EC0623D8D30B}.Ad-Hoc|Any CPU.ActiveCfg = Release|Any CPU
		{19CEA71C-9EAA-4E77-9DC8-EC0623D8D30B}.Ad-Hoc|Any CPU.Build.0 = Release|Any CPU
		{19CEA71C-9EAA-4E77-9DC8-EC0623D8D30B}.Ad-Hoc|iPhone.ActiveCfg = Release|Any CPU
		{19CEA71C-9EAA-4E77-9DC8-EC0623D8D30B}.Ad-Hoc|iPhone.Build.0 = Release|Any CPU
		{19CEA71C-9EAA-4E77-9DC8-EC0623D8D30B}.Ad-Hoc|iPhoneSimulator.ActiveCfg = Release|Any CPU
		{19CEA71C-9EAA-4E77-9DC8-EC0623D8D30B}.Ad-Hoc|iPhoneSimulator.Build.0 = Release|Any CPU
		{19CEA71C-9EAA-4E77-9DC8-EC0623D8D30B}.AppStore|Any CPU.ActiveCfg = Release|Any CPU
		{19CEA71C-9EAA-4E77-9DC8-EC0623D8D30B}.AppStore|Any CPU.Build.0 = Release|Any CPU
		{19CEA71C-9EAA-4E77-9DC8-EC0623D8D30B}.AppStore|iPhone.ActiveCfg = Release|Any CPU
		{19CEA71C-9EAA-4E77-9DC8-EC0623D8D30B}.AppStore|iPhone.Build.0 = Release|Any CPU
		{19CEA71C-9EAA-4E77-9DC8-EC0623D8D30B}.AppStore|iPhoneSimulator.ActiveCfg = Release|Any CPU
		{19CEA71C-9EAA-4E77-9DC8-EC0623D8D30B}.AppStore|iPhoneSimulator.Build.0 = Release|Any CPU
		{19CEA71C-9EAA-4E77-9DC8-EC0623D8D30B}.Debug|Any CPU.ActiveCfg = Debug|Any CPU
		{19CEA71C-9EAA-4E77-9DC8-EC0623D8D30B}.Debug|Any CPU.Build.0 = Debug|Any CPU
		{19CEA71C-9EAA-4E77-9DC8-EC0623D8D30B}.Debug|iPhone.ActiveCfg = Debug|Any CPU
		{19CEA71C-9EAA-4E77-9DC8-EC0623D8D30B}.Debug|iPhone.Build.0 = Debug|Any CPU
		{19CEA71C-9EAA-4E77-9DC8-EC0623D8D30B}.Debug|iPhoneSimulator.ActiveCfg = Debug|Any CPU
		{19CEA71C-9EAA-4E77-9DC8-EC0623D8D30B}.Debug|iPhoneSimulator.Build.0 = Debug|Any CPU
		{19CEA71C-9EAA-4E77-9DC8-EC0623D8D30B}.Release|Any CPU.ActiveCfg = Release|Any CPU
		{19CEA71C-9EAA-4E77-9DC8-EC0623D8D30B}.Release|Any CPU.Build.0 = Release|Any CPU
		{19CEA71C-9EAA-4E77-9DC8-EC0623D8D30B}.Release|iPhone.ActiveCfg = Release|Any CPU
		{19CEA71C-9EAA-4E77-9DC8-EC0623D8D30B}.Release|iPhone.Build.0 = Release|Any CPU
		{19CEA71C-9EAA-4E77-9DC8-EC0623D8D30B}.Release|iPhoneSimulator.ActiveCfg = Release|Any CPU
		{19CEA71C-9EAA-4E77-9DC8-EC0623D8D30B}.Release|iPhoneSimulator.Build.0 = Release|Any CPU
		{48478C62-4AD8-43DF-98AA-3B0834BD33EB}.Ad-Hoc|Any CPU.ActiveCfg = Release|Any CPU
		{48478C62-4AD8-43DF-98AA-3B0834BD33EB}.Ad-Hoc|Any CPU.Build.0 = Release|Any CPU
		{48478C62-4AD8-43DF-98AA-3B0834BD33EB}.Ad-Hoc|iPhone.ActiveCfg = Release|Any CPU
		{48478C62-4AD8-43DF-98AA-3B0834BD33EB}.Ad-Hoc|iPhone.Build.0 = Release|Any CPU
		{48478C62-4AD8-43DF-98AA-3B0834BD33EB}.Ad-Hoc|iPhoneSimulator.ActiveCfg = Release|Any CPU
		{48478C62-4AD8-43DF-98AA-3B0834BD33EB}.Ad-Hoc|iPhoneSimulator.Build.0 = Release|Any CPU
		{48478C62-4AD8-43DF-98AA-3B0834BD33EB}.AppStore|Any CPU.ActiveCfg = Release|Any CPU
		{48478C62-4AD8-43DF-98AA-3B0834BD33EB}.AppStore|Any CPU.Build.0 = Release|Any CPU
		{48478C62-4AD8-43DF-98AA-3B0834BD33EB}.AppStore|iPhone.ActiveCfg = Release|Any CPU
		{48478C62-4AD8-43DF-98AA-3B0834BD33EB}.AppStore|iPhone.Build.0 = Release|Any CPU
		{48478C62-4AD8-43DF-98AA-3B0834BD33EB}.AppStore|iPhoneSimulator.ActiveCfg = Release|Any CPU
		{48478C62-4AD8-43DF-98AA-3B0834BD33EB}.AppStore|iPhoneSimulator.Build.0 = Release|Any CPU
		{48478C62-4AD8-43DF-98AA-3B0834BD33EB}.Debug|Any CPU.ActiveCfg = Debug|Any CPU
		{48478C62-4AD8-43DF-98AA-3B0834BD33EB}.Debug|Any CPU.Build.0 = Debug|Any CPU
		{48478C62-4AD8-43DF-98AA-3B0834BD33EB}.Debug|iPhone.ActiveCfg = Debug|Any CPU
		{48478C62-4AD8-43DF-98AA-3B0834BD33EB}.Debug|iPhone.Build.0 = Debug|Any CPU
		{48478C62-4AD8-43DF-98AA-3B0834BD33EB}.Debug|iPhoneSimulator.ActiveCfg = Debug|Any CPU
		{48478C62-4AD8-43DF-98AA-3B0834BD33EB}.Debug|iPhoneSimulator.Build.0 = Debug|Any CPU
		{48478C62-4AD8-43DF-98AA-3B0834BD33EB}.Release|Any CPU.ActiveCfg = Release|Any CPU
		{48478C62-4AD8-43DF-98AA-3B0834BD33EB}.Release|Any CPU.Build.0 = Release|Any CPU
		{48478C62-4AD8-43DF-98AA-3B0834BD33EB}.Release|iPhone.ActiveCfg = Release|Any CPU
		{48478C62-4AD8-43DF-98AA-3B0834BD33EB}.Release|iPhone.Build.0 = Release|Any CPU
		{48478C62-4AD8-43DF-98AA-3B0834BD33EB}.Release|iPhoneSimulator.ActiveCfg = Release|Any CPU
		{48478C62-4AD8-43DF-98AA-3B0834BD33EB}.Release|iPhoneSimulator.Build.0 = Release|Any CPU
		{D0BA9E42-3E56-4739-9DF3-5AB8A93CA2CD}.Ad-Hoc|Any CPU.ActiveCfg = Release|Any CPU
		{D0BA9E42-3E56-4739-9DF3-5AB8A93CA2CD}.Ad-Hoc|Any CPU.Build.0 = Release|Any CPU
		{D0BA9E42-3E56-4739-9DF3-5AB8A93CA2CD}.Ad-Hoc|Any CPU.Deploy.0 = Release|Any CPU
		{D0BA9E42-3E56-4739-9DF3-5AB8A93CA2CD}.Ad-Hoc|iPhone.ActiveCfg = Release|Any CPU
		{D0BA9E42-3E56-4739-9DF3-5AB8A93CA2CD}.Ad-Hoc|iPhone.Build.0 = Release|Any CPU
		{D0BA9E42-3E56-4739-9DF3-5AB8A93CA2CD}.Ad-Hoc|iPhone.Deploy.0 = Release|Any CPU
		{D0BA9E42-3E56-4739-9DF3-5AB8A93CA2CD}.Ad-Hoc|iPhoneSimulator.ActiveCfg = Release|Any CPU
		{D0BA9E42-3E56-4739-9DF3-5AB8A93CA2CD}.Ad-Hoc|iPhoneSimulator.Build.0 = Release|Any CPU
		{D0BA9E42-3E56-4739-9DF3-5AB8A93CA2CD}.Ad-Hoc|iPhoneSimulator.Deploy.0 = Release|Any CPU
		{D0BA9E42-3E56-4739-9DF3-5AB8A93CA2CD}.AppStore|Any CPU.ActiveCfg = Release|Any CPU
		{D0BA9E42-3E56-4739-9DF3-5AB8A93CA2CD}.AppStore|Any CPU.Build.0 = Release|Any CPU
		{D0BA9E42-3E56-4739-9DF3-5AB8A93CA2CD}.AppStore|Any CPU.Deploy.0 = Release|Any CPU
		{D0BA9E42-3E56-4739-9DF3-5AB8A93CA2CD}.AppStore|iPhone.ActiveCfg = Release|Any CPU
		{D0BA9E42-3E56-4739-9DF3-5AB8A93CA2CD}.AppStore|iPhone.Build.0 = Release|Any CPU
		{D0BA9E42-3E56-4739-9DF3-5AB8A93CA2CD}.AppStore|iPhone.Deploy.0 = Release|Any CPU
		{D0BA9E42-3E56-4739-9DF3-5AB8A93CA2CD}.AppStore|iPhoneSimulator.ActiveCfg = Release|Any CPU
		{D0BA9E42-3E56-4739-9DF3-5AB8A93CA2CD}.AppStore|iPhoneSimulator.Build.0 = Release|Any CPU
		{D0BA9E42-3E56-4739-9DF3-5AB8A93CA2CD}.AppStore|iPhoneSimulator.Deploy.0 = Release|Any CPU
		{D0BA9E42-3E56-4739-9DF3-5AB8A93CA2CD}.Debug|Any CPU.ActiveCfg = Debug|Any CPU
		{D0BA9E42-3E56-4739-9DF3-5AB8A93CA2CD}.Debug|Any CPU.Build.0 = Debug|Any CPU
		{D0BA9E42-3E56-4739-9DF3-5AB8A93CA2CD}.Debug|Any CPU.Deploy.0 = Debug|Any CPU
		{D0BA9E42-3E56-4739-9DF3-5AB8A93CA2CD}.Debug|iPhone.ActiveCfg = Debug|Any CPU
		{D0BA9E42-3E56-4739-9DF3-5AB8A93CA2CD}.Debug|iPhone.Build.0 = Debug|Any CPU
		{D0BA9E42-3E56-4739-9DF3-5AB8A93CA2CD}.Debug|iPhone.Deploy.0 = Debug|Any CPU
		{D0BA9E42-3E56-4739-9DF3-5AB8A93CA2CD}.Debug|iPhoneSimulator.ActiveCfg = Debug|Any CPU
		{D0BA9E42-3E56-4739-9DF3-5AB8A93CA2CD}.Debug|iPhoneSimulator.Build.0 = Debug|Any CPU
		{D0BA9E42-3E56-4739-9DF3-5AB8A93CA2CD}.Debug|iPhoneSimulator.Deploy.0 = Debug|Any CPU
		{D0BA9E42-3E56-4739-9DF3-5AB8A93CA2CD}.Release|Any CPU.ActiveCfg = Release|Any CPU
		{D0BA9E42-3E56-4739-9DF3-5AB8A93CA2CD}.Release|Any CPU.Build.0 = Release|Any CPU
		{D0BA9E42-3E56-4739-9DF3-5AB8A93CA2CD}.Release|Any CPU.Deploy.0 = Release|Any CPU
		{D0BA9E42-3E56-4739-9DF3-5AB8A93CA2CD}.Release|iPhone.ActiveCfg = Release|Any CPU
		{D0BA9E42-3E56-4739-9DF3-5AB8A93CA2CD}.Release|iPhone.Build.0 = Release|Any CPU
		{D0BA9E42-3E56-4739-9DF3-5AB8A93CA2CD}.Release|iPhone.Deploy.0 = Release|Any CPU
		{D0BA9E42-3E56-4739-9DF3-5AB8A93CA2CD}.Release|iPhoneSimulator.ActiveCfg = Release|Any CPU
		{D0BA9E42-3E56-4739-9DF3-5AB8A93CA2CD}.Release|iPhoneSimulator.Build.0 = Release|Any CPU
		{D0BA9E42-3E56-4739-9DF3-5AB8A93CA2CD}.Release|iPhoneSimulator.Deploy.0 = Release|Any CPU
		{73C9712C-DD0A-4A3D-9E1D-EF48688B54E3}.Ad-Hoc|Any CPU.ActiveCfg = Ad-Hoc|iPhone
		{73C9712C-DD0A-4A3D-9E1D-EF48688B54E3}.Ad-Hoc|iPhone.ActiveCfg = Ad-Hoc|iPhone
		{73C9712C-DD0A-4A3D-9E1D-EF48688B54E3}.Ad-Hoc|iPhone.Build.0 = Ad-Hoc|iPhone
		{73C9712C-DD0A-4A3D-9E1D-EF48688B54E3}.Ad-Hoc|iPhoneSimulator.ActiveCfg = Ad-Hoc|iPhoneSimulator
		{73C9712C-DD0A-4A3D-9E1D-EF48688B54E3}.Ad-Hoc|iPhoneSimulator.Build.0 = Ad-Hoc|iPhoneSimulator
		{73C9712C-DD0A-4A3D-9E1D-EF48688B54E3}.AppStore|Any CPU.ActiveCfg = AppStore|iPhone
		{73C9712C-DD0A-4A3D-9E1D-EF48688B54E3}.AppStore|iPhone.ActiveCfg = AppStore|iPhone
		{73C9712C-DD0A-4A3D-9E1D-EF48688B54E3}.AppStore|iPhone.Build.0 = AppStore|iPhone
		{73C9712C-DD0A-4A3D-9E1D-EF48688B54E3}.AppStore|iPhoneSimulator.ActiveCfg = AppStore|iPhoneSimulator
		{73C9712C-DD0A-4A3D-9E1D-EF48688B54E3}.AppStore|iPhoneSimulator.Build.0 = AppStore|iPhoneSimulator
		{73C9712C-DD0A-4A3D-9E1D-EF48688B54E3}.Debug|Any CPU.ActiveCfg = Debug|iPhone
		{73C9712C-DD0A-4A3D-9E1D-EF48688B54E3}.Debug|iPhone.ActiveCfg = Debug|iPhone
		{73C9712C-DD0A-4A3D-9E1D-EF48688B54E3}.Debug|iPhone.Build.0 = Debug|iPhone
		{73C9712C-DD0A-4A3D-9E1D-EF48688B54E3}.Debug|iPhoneSimulator.ActiveCfg = Debug|iPhoneSimulator
		{73C9712C-DD0A-4A3D-9E1D-EF48688B54E3}.Debug|iPhoneSimulator.Build.0 = Debug|iPhoneSimulator
		{73C9712C-DD0A-4A3D-9E1D-EF48688B54E3}.Release|Any CPU.ActiveCfg = Release|iPhone
		{73C9712C-DD0A-4A3D-9E1D-EF48688B54E3}.Release|iPhone.ActiveCfg = Release|iPhone
		{73C9712C-DD0A-4A3D-9E1D-EF48688B54E3}.Release|iPhone.Build.0 = Release|iPhone
		{73C9712C-DD0A-4A3D-9E1D-EF48688B54E3}.Release|iPhoneSimulator.ActiveCfg = Release|iPhoneSimulator
		{73C9712C-DD0A-4A3D-9E1D-EF48688B54E3}.Release|iPhoneSimulator.Build.0 = Release|iPhoneSimulator
		{F832B5A3-6D66-4C6B-AADF-0C214C44DD5C}.Ad-Hoc|Any CPU.ActiveCfg = Debug|Any CPU
		{F832B5A3-6D66-4C6B-AADF-0C214C44DD5C}.Ad-Hoc|Any CPU.Build.0 = Debug|Any CPU
		{F832B5A3-6D66-4C6B-AADF-0C214C44DD5C}.Ad-Hoc|iPhone.ActiveCfg = Debug|Any CPU
		{F832B5A3-6D66-4C6B-AADF-0C214C44DD5C}.Ad-Hoc|iPhone.Build.0 = Debug|Any CPU
		{F832B5A3-6D66-4C6B-AADF-0C214C44DD5C}.Ad-Hoc|iPhoneSimulator.ActiveCfg = Debug|Any CPU
		{F832B5A3-6D66-4C6B-AADF-0C214C44DD5C}.Ad-Hoc|iPhoneSimulator.Build.0 = Debug|Any CPU
		{F832B5A3-6D66-4C6B-AADF-0C214C44DD5C}.AppStore|Any CPU.ActiveCfg = Debug|Any CPU
		{F832B5A3-6D66-4C6B-AADF-0C214C44DD5C}.AppStore|Any CPU.Build.0 = Debug|Any CPU
		{F832B5A3-6D66-4C6B-AADF-0C214C44DD5C}.AppStore|iPhone.ActiveCfg = Debug|Any CPU
		{F832B5A3-6D66-4C6B-AADF-0C214C44DD5C}.AppStore|iPhone.Build.0 = Debug|Any CPU
		{F832B5A3-6D66-4C6B-AADF-0C214C44DD5C}.AppStore|iPhoneSimulator.ActiveCfg = Debug|Any CPU
		{F832B5A3-6D66-4C6B-AADF-0C214C44DD5C}.AppStore|iPhoneSimulator.Build.0 = Debug|Any CPU
		{F832B5A3-6D66-4C6B-AADF-0C214C44DD5C}.Debug|Any CPU.ActiveCfg = Debug|Any CPU
		{F832B5A3-6D66-4C6B-AADF-0C214C44DD5C}.Debug|Any CPU.Build.0 = Debug|Any CPU
		{F832B5A3-6D66-4C6B-AADF-0C214C44DD5C}.Debug|iPhone.ActiveCfg = Debug|Any CPU
		{F832B5A3-6D66-4C6B-AADF-0C214C44DD5C}.Debug|iPhone.Build.0 = Debug|Any CPU
		{F832B5A3-6D66-4C6B-AADF-0C214C44DD5C}.Debug|iPhoneSimulator.ActiveCfg = Debug|Any CPU
		{F832B5A3-6D66-4C6B-AADF-0C214C44DD5C}.Debug|iPhoneSimulator.Build.0 = Debug|Any CPU
		{F832B5A3-6D66-4C6B-AADF-0C214C44DD5C}.Release|Any CPU.ActiveCfg = Release|Any CPU
		{F832B5A3-6D66-4C6B-AADF-0C214C44DD5C}.Release|Any CPU.Build.0 = Release|Any CPU
		{F832B5A3-6D66-4C6B-AADF-0C214C44DD5C}.Release|iPhone.ActiveCfg = Release|Any CPU
		{F832B5A3-6D66-4C6B-AADF-0C214C44DD5C}.Release|iPhone.Build.0 = Release|Any CPU
		{F832B5A3-6D66-4C6B-AADF-0C214C44DD5C}.Release|iPhoneSimulator.ActiveCfg = Release|Any CPU
		{F832B5A3-6D66-4C6B-AADF-0C214C44DD5C}.Release|iPhoneSimulator.Build.0 = Release|Any CPU
		{12507FEB-36A7-4753-BC0A-A86ABE3ADE42}.Ad-Hoc|Any CPU.ActiveCfg = Release|Any CPU
		{12507FEB-36A7-4753-BC0A-A86ABE3ADE42}.Ad-Hoc|Any CPU.Build.0 = Release|Any CPU
		{12507FEB-36A7-4753-BC0A-A86ABE3ADE42}.Ad-Hoc|iPhone.ActiveCfg = Release|Any CPU
		{12507FEB-36A7-4753-BC0A-A86ABE3ADE42}.Ad-Hoc|iPhone.Build.0 = Release|Any CPU
		{12507FEB-36A7-4753-BC0A-A86ABE3ADE42}.Ad-Hoc|iPhoneSimulator.ActiveCfg = Release|Any CPU
		{12507FEB-36A7-4753-BC0A-A86ABE3ADE42}.Ad-Hoc|iPhoneSimulator.Build.0 = Release|Any CPU
		{12507FEB-36A7-4753-BC0A-A86ABE3ADE42}.AppStore|Any CPU.ActiveCfg = Release|Any CPU
		{12507FEB-36A7-4753-BC0A-A86ABE3ADE42}.AppStore|Any CPU.Build.0 = Release|Any CPU
		{12507FEB-36A7-4753-BC0A-A86ABE3ADE42}.AppStore|iPhone.ActiveCfg = Release|Any CPU
		{12507FEB-36A7-4753-BC0A-A86ABE3ADE42}.AppStore|iPhone.Build.0 = Release|Any CPU
		{12507FEB-36A7-4753-BC0A-A86ABE3ADE42}.AppStore|iPhoneSimulator.ActiveCfg = Release|Any CPU
		{12507FEB-36A7-4753-BC0A-A86ABE3ADE42}.AppStore|iPhoneSimulator.Build.0 = Release|Any CPU
		{12507FEB-36A7-4753-BC0A-A86ABE3ADE42}.Debug|Any CPU.ActiveCfg = Debug|Any CPU
		{12507FEB-36A7-4753-BC0A-A86ABE3ADE42}.Debug|Any CPU.Build.0 = Debug|Any CPU
		{12507FEB-36A7-4753-BC0A-A86ABE3ADE42}.Debug|iPhone.ActiveCfg = Debug|Any CPU
		{12507FEB-36A7-4753-BC0A-A86ABE3ADE42}.Debug|iPhone.Build.0 = Debug|Any CPU
		{12507FEB-36A7-4753-BC0A-A86ABE3ADE42}.Debug|iPhoneSimulator.ActiveCfg = Debug|Any CPU
		{12507FEB-36A7-4753-BC0A-A86ABE3ADE42}.Debug|iPhoneSimulator.Build.0 = Debug|Any CPU
		{12507FEB-36A7-4753-BC0A-A86ABE3ADE42}.Release|Any CPU.ActiveCfg = Release|Any CPU
		{12507FEB-36A7-4753-BC0A-A86ABE3ADE42}.Release|Any CPU.Build.0 = Release|Any CPU
		{12507FEB-36A7-4753-BC0A-A86ABE3ADE42}.Release|iPhone.ActiveCfg = Release|Any CPU
		{12507FEB-36A7-4753-BC0A-A86ABE3ADE42}.Release|iPhone.Build.0 = Release|Any CPU
		{12507FEB-36A7-4753-BC0A-A86ABE3ADE42}.Release|iPhoneSimulator.ActiveCfg = Release|Any CPU
		{12507FEB-36A7-4753-BC0A-A86ABE3ADE42}.Release|iPhoneSimulator.Build.0 = Release|Any CPU
		{68D4D9E2-D54D-4F96-A7AD-B215FBC568E4}.Ad-Hoc|Any CPU.ActiveCfg = Debug|Any CPU
		{68D4D9E2-D54D-4F96-A7AD-B215FBC568E4}.Ad-Hoc|Any CPU.Build.0 = Debug|Any CPU
		{68D4D9E2-D54D-4F96-A7AD-B215FBC568E4}.Ad-Hoc|iPhone.ActiveCfg = Debug|Any CPU
		{68D4D9E2-D54D-4F96-A7AD-B215FBC568E4}.Ad-Hoc|iPhone.Build.0 = Debug|Any CPU
		{68D4D9E2-D54D-4F96-A7AD-B215FBC568E4}.Ad-Hoc|iPhoneSimulator.ActiveCfg = Debug|Any CPU
		{68D4D9E2-D54D-4F96-A7AD-B215FBC568E4}.Ad-Hoc|iPhoneSimulator.Build.0 = Debug|Any CPU
		{68D4D9E2-D54D-4F96-A7AD-B215FBC568E4}.AppStore|Any CPU.ActiveCfg = Debug|Any CPU
		{68D4D9E2-D54D-4F96-A7AD-B215FBC568E4}.AppStore|Any CPU.Build.0 = Debug|Any CPU
		{68D4D9E2-D54D-4F96-A7AD-B215FBC568E4}.AppStore|iPhone.ActiveCfg = Debug|Any CPU
		{68D4D9E2-D54D-4F96-A7AD-B215FBC568E4}.AppStore|iPhone.Build.0 = Debug|Any CPU
		{68D4D9E2-D54D-4F96-A7AD-B215FBC568E4}.AppStore|iPhoneSimulator.ActiveCfg = Debug|Any CPU
		{68D4D9E2-D54D-4F96-A7AD-B215FBC568E4}.AppStore|iPhoneSimulator.Build.0 = Debug|Any CPU
		{68D4D9E2-D54D-4F96-A7AD-B215FBC568E4}.Debug|Any CPU.ActiveCfg = Debug|Any CPU
		{68D4D9E2-D54D-4F96-A7AD-B215FBC568E4}.Debug|Any CPU.Build.0 = Debug|Any CPU
		{68D4D9E2-D54D-4F96-A7AD-B215FBC568E4}.Debug|iPhone.ActiveCfg = Debug|Any CPU
		{68D4D9E2-D54D-4F96-A7AD-B215FBC568E4}.Debug|iPhone.Build.0 = Debug|Any CPU
		{68D4D9E2-D54D-4F96-A7AD-B215FBC568E4}.Debug|iPhoneSimulator.ActiveCfg = Debug|Any CPU
		{68D4D9E2-D54D-4F96-A7AD-B215FBC568E4}.Debug|iPhoneSimulator.Build.0 = Debug|Any CPU
		{68D4D9E2-D54D-4F96-A7AD-B215FBC568E4}.Release|Any CPU.ActiveCfg = Release|Any CPU
		{68D4D9E2-D54D-4F96-A7AD-B215FBC568E4}.Release|Any CPU.Build.0 = Release|Any CPU
		{68D4D9E2-D54D-4F96-A7AD-B215FBC568E4}.Release|iPhone.ActiveCfg = Release|Any CPU
		{68D4D9E2-D54D-4F96-A7AD-B215FBC568E4}.Release|iPhone.Build.0 = Release|Any CPU
		{68D4D9E2-D54D-4F96-A7AD-B215FBC568E4}.Release|iPhoneSimulator.ActiveCfg = Release|Any CPU
		{68D4D9E2-D54D-4F96-A7AD-B215FBC568E4}.Release|iPhoneSimulator.Build.0 = Release|Any CPU
		{3F40154E-82A9-419B-ABCF-F15A1A1C57D7}.Ad-Hoc|Any CPU.ActiveCfg = Debug|Any CPU
		{3F40154E-82A9-419B-ABCF-F15A1A1C57D7}.Ad-Hoc|Any CPU.Build.0 = Debug|Any CPU
		{3F40154E-82A9-419B-ABCF-F15A1A1C57D7}.Ad-Hoc|iPhone.ActiveCfg = Debug|Any CPU
		{3F40154E-82A9-419B-ABCF-F15A1A1C57D7}.Ad-Hoc|iPhone.Build.0 = Debug|Any CPU
		{3F40154E-82A9-419B-ABCF-F15A1A1C57D7}.Ad-Hoc|iPhoneSimulator.ActiveCfg = Debug|Any CPU
		{3F40154E-82A9-419B-ABCF-F15A1A1C57D7}.Ad-Hoc|iPhoneSimulator.Build.0 = Debug|Any CPU
		{3F40154E-82A9-419B-ABCF-F15A1A1C57D7}.AppStore|Any CPU.ActiveCfg = Debug|Any CPU
		{3F40154E-82A9-419B-ABCF-F15A1A1C57D7}.AppStore|Any CPU.Build.0 = Debug|Any CPU
		{3F40154E-82A9-419B-ABCF-F15A1A1C57D7}.AppStore|iPhone.ActiveCfg = Debug|Any CPU
		{3F40154E-82A9-419B-ABCF-F15A1A1C57D7}.AppStore|iPhone.Build.0 = Debug|Any CPU
		{3F40154E-82A9-419B-ABCF-F15A1A1C57D7}.AppStore|iPhoneSimulator.ActiveCfg = Debug|Any CPU
		{3F40154E-82A9-419B-ABCF-F15A1A1C57D7}.AppStore|iPhoneSimulator.Build.0 = Debug|Any CPU
		{3F40154E-82A9-419B-ABCF-F15A1A1C57D7}.Debug|Any CPU.ActiveCfg = Debug|Any CPU
		{3F40154E-82A9-419B-ABCF-F15A1A1C57D7}.Debug|Any CPU.Build.0 = Debug|Any CPU
		{3F40154E-82A9-419B-ABCF-F15A1A1C57D7}.Debug|iPhone.ActiveCfg = Debug|Any CPU
		{3F40154E-82A9-419B-ABCF-F15A1A1C57D7}.Debug|iPhone.Build.0 = Debug|Any CPU
		{3F40154E-82A9-419B-ABCF-F15A1A1C57D7}.Debug|iPhoneSimulator.ActiveCfg = Debug|Any CPU
		{3F40154E-82A9-419B-ABCF-F15A1A1C57D7}.Debug|iPhoneSimulator.Build.0 = Debug|Any CPU
		{3F40154E-82A9-419B-ABCF-F15A1A1C57D7}.Release|Any CPU.ActiveCfg = Release|Any CPU
		{3F40154E-82A9-419B-ABCF-F15A1A1C57D7}.Release|Any CPU.Build.0 = Release|Any CPU
		{3F40154E-82A9-419B-ABCF-F15A1A1C57D7}.Release|iPhone.ActiveCfg = Release|Any CPU
		{3F40154E-82A9-419B-ABCF-F15A1A1C57D7}.Release|iPhone.Build.0 = Release|Any CPU
		{3F40154E-82A9-419B-ABCF-F15A1A1C57D7}.Release|iPhoneSimulator.ActiveCfg = Release|Any CPU
		{3F40154E-82A9-419B-ABCF-F15A1A1C57D7}.Release|iPhoneSimulator.Build.0 = Release|Any CPU
	EndGlobalSection
	GlobalSection(SolutionProperties) = preSolution
		HideSolutionNode = FALSE
	EndGlobalSection
	GlobalSection(ExtensibilityGlobals) = postSolution
		VisualSVNWorkingCopyRoot = .
		SolutionGuid = {6370019C-E92B-4E94-AFB8-10842408C7EC}
	EndGlobalSection
EndGlobal
