
Microsoft Visual Studio Solution File, Format Version 12.00
# Visual Studio 15
VisualStudioVersion = 15.0.28307.329
MinimumVisualStudioVersion = 10.0.40219.1
Project("{FAE04EC0-301F-11D3-BF4B-00C04F79EFBC}") = "StarTrinity.ContinuousSpeedTest", "StarTrinity.ContinuousSpeedTest\StarTrinity.ContinuousSpeedTest.csproj", "{0BC6BFB9-7E70-414E-B831-454BD962493A}"
EndProject
Project("{9A19103F-16F7-4668-BE54-9A1E7A4F7556}") = "Dcomms.SUBT", "Dcomms.SUBT\Dcomms.SUBT.csproj", "{008C120B-493B-4151-A089-7F03D27D276A}"
EndProject
Project("{9A19103F-16F7-4668-BE54-9A1E7A4F7556}") = "Dcomms.Core", "Dcomms.Core\Dcomms.Core.csproj", "{19CEA71C-9EAA-4E77-9DC8-EC0623D8D30B}"
EndProject
Project("{9A19103F-16F7-4668-BE54-9A1E7A4F7556}") = "StarTrinity.ContinuousSpeedTest.CLI", "StarTrinity.ContinuousSpeedTest.CLI\StarTrinity.ContinuousSpeedTest.CLI.csproj", "{48478C62-4AD8-43DF-98AA-3B0834BD33EB}"
EndProject
Project("{FAE04EC0-301F-11D3-BF4B-00C04F79EFBC}") = "StarTrinity.ContinuousSpeedTest.Xamarin.Android", "StarTrinity.ContinuousSpeedTest.Xamarin\StarTrinity.ContinuousSpeedTest.Xamarin.Android\StarTrinity.ContinuousSpeedTest.Xamarin.Android.csproj", "{3116A439-589E-4EB9-833F-517D72809E6B}"
EndProject
Project("{FAE04EC0-301F-11D3-BF4B-00C04F79EFBC}") = "StarTrinity.ContinuousSpeedTest.Xamarin.iOS", "StarTrinity.ContinuousSpeedTest.Xamarin\StarTrinity.ContinuousSpeedTest.Xamarin.iOS\StarTrinity.ContinuousSpeedTest.Xamarin.iOS.csproj", "{047C0C37-BB7F-4F46-80C7-DB7465A4EAE8}"
EndProject
Project("{FAE04EC0-301F-11D3-BF4B-00C04F79EFBC}") = "StarTrinity.ContinuousSpeedTest.Xamarin", "StarTrinity.ContinuousSpeedTest.Xamarin\StarTrinity.ContinuousSpeedTest.Xamarin\StarTrinity.ContinuousSpeedTest.Xamarin.csproj", "{42E97328-0808-4E80-83C6-E0C09C263A54}"
EndProject
Global
	GlobalSection(SolutionConfigurationPlatforms) = preSolution
		Ad-Hoc|Any CPU = Ad-Hoc|Any CPU
		Ad-Hoc|iPhone = Ad-Hoc|iPhone
		Ad-Hoc|iPhoneSimulator = Ad-Hoc|iPhoneSimulator
		AppStore|Any CPU = AppStore|Any CPU
		AppStore|iPhone = AppStore|iPhone
		AppStore|iPhoneSimulator = AppStore|iPhoneSimulator
		Debug|Any CPU = Debug|Any CPU
		Debug|iPhone = Debug|iPhone
		Debug|iPhoneSimulator = Debug|iPhoneSimulator
		Release|Any CPU = Release|Any CPU
		Release|iPhone = Release|iPhone
		Release|iPhoneSimulator = Release|iPhoneSimulator
	EndGlobalSection
	GlobalSection(ProjectConfigurationPlatforms) = postSolution
		{0BC6BFB9-7E70-414E-B831-454BD962493A}.Ad-Hoc|Any CPU.ActiveCfg = Release|Any CPU
		{0BC6BFB9-7E70-414E-B831-454BD962493A}.Ad-Hoc|Any CPU.Build.0 = Release|Any CPU
		{0BC6BFB9-7E70-414E-B831-454BD962493A}.Ad-Hoc|iPhone.ActiveCfg = Release|Any CPU
		{0BC6BFB9-7E70-414E-B831-454BD962493A}.Ad-Hoc|iPhone.Build.0 = Release|Any CPU
		{0BC6BFB9-7E70-414E-B831-454BD962493A}.Ad-Hoc|iPhoneSimulator.ActiveCfg = Release|Any CPU
		{0BC6BFB9-7E70-414E-B831-454BD962493A}.Ad-Hoc|iPhoneSimulator.Build.0 = Release|Any CPU
		{0BC6BFB9-7E70-414E-B831-454BD962493A}.AppStore|Any CPU.ActiveCfg = Release|Any CPU
		{0BC6BFB9-7E70-414E-B831-454BD962493A}.AppStore|Any CPU.Build.0 = Release|Any CPU
		{0BC6BFB9-7E70-414E-B831-454BD962493A}.AppStore|iPhone.ActiveCfg = Release|Any CPU
		{0BC6BFB9-7E70-414E-B831-454BD962493A}.AppStore|iPhone.Build.0 = Release|Any CPU
		{0BC6BFB9-7E70-414E-B831-454BD962493A}.AppStore|iPhoneSimulator.ActiveCfg = Release|Any CPU
		{0BC6BFB9-7E70-414E-B831-454BD962493A}.AppStore|iPhoneSimulator.Build.0 = Release|Any CPU
		{0BC6BFB9-7E70-414E-B831-454BD962493A}.Debug|Any CPU.ActiveCfg = Debug|Any CPU
		{0BC6BFB9-7E70-414E-B831-454BD962493A}.Debug|Any CPU.Build.0 = Debug|Any CPU
		{0BC6BFB9-7E70-414E-B831-454BD962493A}.Debug|iPhone.ActiveCfg = Debug|Any CPU
		{0BC6BFB9-7E70-414E-B831-454BD962493A}.Debug|iPhone.Build.0 = Debug|Any CPU
		{0BC6BFB9-7E70-414E-B831-454BD962493A}.Debug|iPhoneSimulator.ActiveCfg = Debug|Any CPU
		{0BC6BFB9-7E70-414E-B831-454BD962493A}.Debug|iPhoneSimulator.Build.0 = Debug|Any CPU
		{0BC6BFB9-7E70-414E-B831-454BD962493A}.Release|Any CPU.ActiveCfg = Release|Any CPU
		{0BC6BFB9-7E70-414E-B831-454BD962493A}.Release|Any CPU.Build.0 = Release|Any CPU
		{0BC6BFB9-7E70-414E-B831-454BD962493A}.Release|iPhone.ActiveCfg = Release|Any CPU
		{0BC6BFB9-7E70-414E-B831-454BD962493A}.Release|iPhone.Build.0 = Release|Any CPU
		{0BC6BFB9-7E70-414E-B831-454BD962493A}.Release|iPhoneSimulator.ActiveCfg = Release|Any CPU
		{0BC6BFB9-7E70-414E-B831-454BD962493A}.Release|iPhoneSimulator.Build.0 = Release|Any CPU
		{008C120B-493B-4151-A089-7F03D27D276A}.Ad-Hoc|Any CPU.ActiveCfg = Release|Any CPU
		{008C120B-493B-4151-A089-7F03D27D276A}.Ad-Hoc|Any CPU.Build.0 = Release|Any CPU
		{008C120B-493B-4151-A089-7F03D27D276A}.Ad-Hoc|iPhone.ActiveCfg = Release|Any CPU
		{008C120B-493B-4151-A089-7F03D27D276A}.Ad-Hoc|iPhone.Build.0 = Release|Any CPU
		{008C120B-493B-4151-A089-7F03D27D276A}.Ad-Hoc|iPhoneSimulator.ActiveCfg = Release|Any CPU
		{008C120B-493B-4151-A089-7F03D27D276A}.Ad-Hoc|iPhoneSimulator.Build.0 = Release|Any CPU
		{008C120B-493B-4151-A089-7F03D27D276A}.AppStore|Any CPU.ActiveCfg = Release|Any CPU
		{008C120B-493B-4151-A089-7F03D27D276A}.AppStore|Any CPU.Build.0 = Release|Any CPU
		{008C120B-493B-4151-A089-7F03D27D276A}.AppStore|iPhone.ActiveCfg = Release|Any CPU
		{008C120B-493B-4151-A089-7F03D27D276A}.AppStore|iPhone.Build.0 = Release|Any CPU
		{008C120B-493B-4151-A089-7F03D27D276A}.AppStore|iPhoneSimulator.ActiveCfg = Release|Any CPU
		{008C120B-493B-4151-A089-7F03D27D276A}.AppStore|iPhoneSimulator.Build.0 = Release|Any CPU
		{008C120B-493B-4151-A089-7F03D27D276A}.Debug|Any CPU.ActiveCfg = Debug|Any CPU
		{008C120B-493B-4151-A089-7F03D27D276A}.Debug|Any CPU.Build.0 = Debug|Any CPU
		{008C120B-493B-4151-A089-7F03D27D276A}.Debug|iPhone.ActiveCfg = Debug|Any CPU
		{008C120B-493B-4151-A089-7F03D27D276A}.Debug|iPhone.Build.0 = Debug|Any CPU
		{008C120B-493B-4151-A089-7F03D27D276A}.Debug|iPhoneSimulator.ActiveCfg = Debug|Any CPU
		{008C120B-493B-4151-A089-7F03D27D276A}.Debug|iPhoneSimulator.Build.0 = Debug|Any CPU
		{008C120B-493B-4151-A089-7F03D27D276A}.Release|Any CPU.ActiveCfg = Release|Any CPU
		{008C120B-493B-4151-A089-7F03D27D276A}.Release|Any CPU.Build.0 = Release|Any CPU
		{008C120B-493B-4151-A089-7F03D27D276A}.Release|iPhone.ActiveCfg = Release|Any CPU
		{008C120B-493B-4151-A089-7F03D27D276A}.Release|iPhone.Build.0 = Release|Any CPU
		{008C120B-493B-4151-A089-7F03D27D276A}.Release|iPhoneSimulator.ActiveCfg = Release|Any CPU
		{008C120B-493B-4151-A089-7F03D27D276A}.Release|iPhoneSimulator.Build.0 = Release|Any CPU
		{19CEA71C-9EAA-4E77-9DC8-EC0623D8D30B}.Ad-Hoc|Any CPU.ActiveCfg = Release|Any CPU
		{19CEA71C-9EAA-4E77-9DC8-EC0623D8D30B}.Ad-Hoc|Any CPU.Build.0 = Release|Any CPU
		{19CEA71C-9EAA-4E77-9DC8-EC0623D8D30B}.Ad-Hoc|iPhone.ActiveCfg = Release|Any CPU
		{19CEA71C-9EAA-4E77-9DC8-EC0623D8D30B}.Ad-Hoc|iPhone.Build.0 = Release|Any CPU
		{19CEA71C-9EAA-4E77-9DC8-EC0623D8D30B}.Ad-Hoc|iPhoneSimulator.ActiveCfg = Release|Any CPU
		{19CEA71C-9EAA-4E77-9DC8-EC0623D8D30B}.Ad-Hoc|iPhoneSimulator.Build.0 = Release|Any CPU
		{19CEA71C-9EAA-4E77-9DC8-EC0623D8D30B}.AppStore|Any CPU.ActiveCfg = Release|Any CPU
		{19CEA71C-9EAA-4E77-9DC8-EC0623D8D30B}.AppStore|Any CPU.Build.0 = Release|Any CPU
		{19CEA71C-9EAA-4E77-9DC8-EC0623D8D30B}.AppStore|iPhone.ActiveCfg = Release|Any CPU
		{19CEA71C-9EAA-4E77-9DC8-EC0623D8D30B}.AppStore|iPhone.Build.0 = Release|Any CPU
		{19CEA71C-9EAA-4E77-9DC8-EC0623D8D30B}.AppStore|iPhoneSimulator.ActiveCfg = Release|Any CPU
		{19CEA71C-9EAA-4E77-9DC8-EC0623D8D30B}.AppStore|iPhoneSimulator.Build.0 = Release|Any CPU
		{19CEA71C-9EAA-4E77-9DC8-EC0623D8D30B}.Debug|Any CPU.ActiveCfg = Debug|Any CPU
		{19CEA71C-9EAA-4E77-9DC8-EC0623D8D30B}.Debug|Any CPU.Build.0 = Debug|Any CPU
		{19CEA71C-9EAA-4E77-9DC8-EC0623D8D30B}.Debug|iPhone.ActiveCfg = Debug|Any CPU
		{19CEA71C-9EAA-4E77-9DC8-EC0623D8D30B}.Debug|iPhone.Build.0 = Debug|Any CPU
		{19CEA71C-9EAA-4E77-9DC8-EC0623D8D30B}.Debug|iPhoneSimulator.ActiveCfg = Debug|Any CPU
		{19CEA71C-9EAA-4E77-9DC8-EC0623D8D30B}.Debug|iPhoneSimulator.Build.0 = Debug|Any CPU
		{19CEA71C-9EAA-4E77-9DC8-EC0623D8D30B}.Release|Any CPU.ActiveCfg = Release|Any CPU
		{19CEA71C-9EAA-4E77-9DC8-EC0623D8D30B}.Release|Any CPU.Build.0 = Release|Any CPU
		{19CEA71C-9EAA-4E77-9DC8-EC0623D8D30B}.Release|iPhone.ActiveCfg = Release|Any CPU
		{19CEA71C-9EAA-4E77-9DC8-EC0623D8D30B}.Release|iPhone.Build.0 = Release|Any CPU
		{19CEA71C-9EAA-4E77-9DC8-EC0623D8D30B}.Release|iPhoneSimulator.ActiveCfg = Release|Any CPU
		{19CEA71C-9EAA-4E77-9DC8-EC0623D8D30B}.Release|iPhoneSimulator.Build.0 = Release|Any CPU
		{48478C62-4AD8-43DF-98AA-3B0834BD33EB}.Ad-Hoc|Any CPU.ActiveCfg = Release|Any CPU
		{48478C62-4AD8-43DF-98AA-3B0834BD33EB}.Ad-Hoc|Any CPU.Build.0 = Release|Any CPU
		{48478C62-4AD8-43DF-98AA-3B0834BD33EB}.Ad-Hoc|iPhone.ActiveCfg = Release|Any CPU
		{48478C62-4AD8-43DF-98AA-3B0834BD33EB}.Ad-Hoc|iPhone.Build.0 = Release|Any CPU
		{48478C62-4AD8-43DF-98AA-3B0834BD33EB}.Ad-Hoc|iPhoneSimulator.ActiveCfg = Release|Any CPU
		{48478C62-4AD8-43DF-98AA-3B0834BD33EB}.Ad-Hoc|iPhoneSimulator.Build.0 = Release|Any CPU
		{48478C62-4AD8-43DF-98AA-3B0834BD33EB}.AppStore|Any CPU.ActiveCfg = Release|Any CPU
		{48478C62-4AD8-43DF-98AA-3B0834BD33EB}.AppStore|Any CPU.Build.0 = Release|Any CPU
		{48478C62-4AD8-43DF-98AA-3B0834BD33EB}.AppStore|iPhone.ActiveCfg = Release|Any CPU
		{48478C62-4AD8-43DF-98AA-3B0834BD33EB}.AppStore|iPhone.Build.0 = Release|Any CPU
		{48478C62-4AD8-43DF-98AA-3B0834BD33EB}.AppStore|iPhoneSimulator.ActiveCfg = Release|Any CPU
		{48478C62-4AD8-43DF-98AA-3B0834BD33EB}.AppStore|iPhoneSimulator.Build.0 = Release|Any CPU
		{48478C62-4AD8-43DF-98AA-3B0834BD33EB}.Debug|Any CPU.ActiveCfg = Debug|Any CPU
		{48478C62-4AD8-43DF-98AA-3B0834BD33EB}.Debug|Any CPU.Build.0 = Debug|Any CPU
		{48478C62-4AD8-43DF-98AA-3B0834BD33EB}.Debug|iPhone.ActiveCfg = Debug|Any CPU
		{48478C62-4AD8-43DF-98AA-3B0834BD33EB}.Debug|iPhone.Build.0 = Debug|Any CPU
		{48478C62-4AD8-43DF-98AA-3B0834BD33EB}.Debug|iPhoneSimulator.ActiveCfg = Debug|Any CPU
		{48478C62-4AD8-43DF-98AA-3B0834BD33EB}.Debug|iPhoneSimulator.Build.0 = Debug|Any CPU
		{48478C62-4AD8-43DF-98AA-3B0834BD33EB}.Release|Any CPU.ActiveCfg = Release|Any CPU
		{48478C62-4AD8-43DF-98AA-3B0834BD33EB}.Release|Any CPU.Build.0 = Release|Any CPU
		{48478C62-4AD8-43DF-98AA-3B0834BD33EB}.Release|iPhone.ActiveCfg = Release|Any CPU
		{48478C62-4AD8-43DF-98AA-3B0834BD33EB}.Release|iPhone.Build.0 = Release|Any CPU
		{48478C62-4AD8-43DF-98AA-3B0834BD33EB}.Release|iPhoneSimulator.ActiveCfg = Release|Any CPU
		{48478C62-4AD8-43DF-98AA-3B0834BD33EB}.Release|iPhoneSimulator.Build.0 = Release|Any CPU
		{3116A439-589E-4EB9-833F-517D72809E6B}.Ad-Hoc|Any CPU.ActiveCfg = Release|Any CPU
		{3116A439-589E-4EB9-833F-517D72809E6B}.Ad-Hoc|Any CPU.Build.0 = Release|Any CPU
		{3116A439-589E-4EB9-833F-517D72809E6B}.Ad-Hoc|Any CPU.Deploy.0 = Release|Any CPU
		{3116A439-589E-4EB9-833F-517D72809E6B}.Ad-Hoc|iPhone.ActiveCfg = Release|Any CPU
		{3116A439-589E-4EB9-833F-517D72809E6B}.Ad-Hoc|iPhone.Build.0 = Release|Any CPU
		{3116A439-589E-4EB9-833F-517D72809E6B}.Ad-Hoc|iPhone.Deploy.0 = Release|Any CPU
		{3116A439-589E-4EB9-833F-517D72809E6B}.Ad-Hoc|iPhoneSimulator.ActiveCfg = Release|Any CPU
		{3116A439-589E-4EB9-833F-517D72809E6B}.Ad-Hoc|iPhoneSimulator.Build.0 = Release|Any CPU
		{3116A439-589E-4EB9-833F-517D72809E6B}.Ad-Hoc|iPhoneSimulator.Deploy.0 = Release|Any CPU
		{3116A439-589E-4EB9-833F-517D72809E6B}.AppStore|Any CPU.ActiveCfg = Release|Any CPU
		{3116A439-589E-4EB9-833F-517D72809E6B}.AppStore|Any CPU.Build.0 = Release|Any CPU
		{3116A439-589E-4EB9-833F-517D72809E6B}.AppStore|Any CPU.Deploy.0 = Release|Any CPU
		{3116A439-589E-4EB9-833F-517D72809E6B}.AppStore|iPhone.ActiveCfg = Release|Any CPU
		{3116A439-589E-4EB9-833F-517D72809E6B}.AppStore|iPhone.Build.0 = Release|Any CPU
		{3116A439-589E-4EB9-833F-517D72809E6B}.AppStore|iPhone.Deploy.0 = Release|Any CPU
		{3116A439-589E-4EB9-833F-517D72809E6B}.AppStore|iPhoneSimulator.ActiveCfg = Release|Any CPU
		{3116A439-589E-4EB9-833F-517D72809E6B}.AppStore|iPhoneSimulator.Build.0 = Release|Any CPU
		{3116A439-589E-4EB9-833F-517D72809E6B}.AppStore|iPhoneSimulator.Deploy.0 = Release|Any CPU
		{3116A439-589E-4EB9-833F-517D72809E6B}.Debug|Any CPU.ActiveCfg = Debug|Any CPU
		{3116A439-589E-4EB9-833F-517D72809E6B}.Debug|Any CPU.Build.0 = Debug|Any CPU
		{3116A439-589E-4EB9-833F-517D72809E6B}.Debug|Any CPU.Deploy.0 = Debug|Any CPU
		{3116A439-589E-4EB9-833F-517D72809E6B}.Debug|iPhone.ActiveCfg = Debug|Any CPU
		{3116A439-589E-4EB9-833F-517D72809E6B}.Debug|iPhone.Build.0 = Debug|Any CPU
		{3116A439-589E-4EB9-833F-517D72809E6B}.Debug|iPhone.Deploy.0 = Debug|Any CPU
		{3116A439-589E-4EB9-833F-517D72809E6B}.Debug|iPhoneSimulator.ActiveCfg = Debug|Any CPU
		{3116A439-589E-4EB9-833F-517D72809E6B}.Debug|iPhoneSimulator.Build.0 = Debug|Any CPU
		{3116A439-589E-4EB9-833F-517D72809E6B}.Debug|iPhoneSimulator.Deploy.0 = Debug|Any CPU
		{3116A439-589E-4EB9-833F-517D72809E6B}.Release|Any CPU.ActiveCfg = Release|Any CPU
		{3116A439-589E-4EB9-833F-517D72809E6B}.Release|Any CPU.Build.0 = Release|Any CPU
		{3116A439-589E-4EB9-833F-517D72809E6B}.Release|Any CPU.Deploy.0 = Release|Any CPU
		{3116A439-589E-4EB9-833F-517D72809E6B}.Release|iPhone.ActiveCfg = Release|Any CPU
		{3116A439-589E-4EB9-833F-517D72809E6B}.Release|iPhone.Build.0 = Release|Any CPU
		{3116A439-589E-4EB9-833F-517D72809E6B}.Release|iPhone.Deploy.0 = Release|Any CPU
		{3116A439-589E-4EB9-833F-517D72809E6B}.Release|iPhoneSimulator.ActiveCfg = Release|Any CPU
		{3116A439-589E-4EB9-833F-517D72809E6B}.Release|iPhoneSimulator.Build.0 = Release|Any CPU
		{3116A439-589E-4EB9-833F-517D72809E6B}.Release|iPhoneSimulator.Deploy.0 = Release|Any CPU
		{047C0C37-BB7F-4F46-80C7-DB7465A4EAE8}.Ad-Hoc|Any CPU.ActiveCfg = Ad-Hoc|iPhone
		{047C0C37-BB7F-4F46-80C7-DB7465A4EAE8}.Ad-Hoc|iPhone.ActiveCfg = Ad-Hoc|iPhone
		{047C0C37-BB7F-4F46-80C7-DB7465A4EAE8}.Ad-Hoc|iPhone.Build.0 = Ad-Hoc|iPhone
		{047C0C37-BB7F-4F46-80C7-DB7465A4EAE8}.Ad-Hoc|iPhoneSimulator.ActiveCfg = Ad-Hoc|iPhoneSimulator
		{047C0C37-BB7F-4F46-80C7-DB7465A4EAE8}.Ad-Hoc|iPhoneSimulator.Build.0 = Ad-Hoc|iPhoneSimulator
		{047C0C37-BB7F-4F46-80C7-DB7465A4EAE8}.AppStore|Any CPU.ActiveCfg = AppStore|iPhone
		{047C0C37-BB7F-4F46-80C7-DB7465A4EAE8}.AppStore|iPhone.ActiveCfg = AppStore|iPhone
		{047C0C37-BB7F-4F46-80C7-DB7465A4EAE8}.AppStore|iPhone.Build.0 = AppStore|iPhone
		{047C0C37-BB7F-4F46-80C7-DB7465A4EAE8}.AppStore|iPhoneSimulator.ActiveCfg = AppStore|iPhoneSimulator
		{047C0C37-BB7F-4F46-80C7-DB7465A4EAE8}.AppStore|iPhoneSimulator.Build.0 = AppStore|iPhoneSimulator
		{047C0C37-BB7F-4F46-80C7-DB7465A4EAE8}.Debug|Any CPU.ActiveCfg = Debug|iPhone
		{047C0C37-BB7F-4F46-80C7-DB7465A4EAE8}.Debug|iPhone.ActiveCfg = Debug|iPhone
		{047C0C37-BB7F-4F46-80C7-DB7465A4EAE8}.Debug|iPhone.Build.0 = Debug|iPhone
		{047C0C37-BB7F-4F46-80C7-DB7465A4EAE8}.Debug|iPhoneSimulator.ActiveCfg = Debug|iPhoneSimulator
		{047C0C37-BB7F-4F46-80C7-DB7465A4EAE8}.Debug|iPhoneSimulator.Build.0 = Debug|iPhoneSimulator
		{047C0C37-BB7F-4F46-80C7-DB7465A4EAE8}.Release|Any CPU.ActiveCfg = Release|iPhone
		{047C0C37-BB7F-4F46-80C7-DB7465A4EAE8}.Release|iPhone.ActiveCfg = Release|iPhone
		{047C0C37-BB7F-4F46-80C7-DB7465A4EAE8}.Release|iPhone.Build.0 = Release|iPhone
		{047C0C37-BB7F-4F46-80C7-DB7465A4EAE8}.Release|iPhoneSimulator.ActiveCfg = Release|iPhoneSimulator
		{047C0C37-BB7F-4F46-80C7-DB7465A4EAE8}.Release|iPhoneSimulator.Build.0 = Release|iPhoneSimulator
		{42E97328-0808-4E80-83C6-E0C09C263A54}.Ad-Hoc|Any CPU.ActiveCfg = Debug|Any CPU
		{42E97328-0808-4E80-83C6-E0C09C263A54}.Ad-Hoc|Any CPU.Build.0 = Debug|Any CPU
		{42E97328-0808-4E80-83C6-E0C09C263A54}.Ad-Hoc|iPhone.ActiveCfg = Debug|Any CPU
		{42E97328-0808-4E80-83C6-E0C09C263A54}.Ad-Hoc|iPhone.Build.0 = Debug|Any CPU
		{42E97328-0808-4E80-83C6-E0C09C263A54}.Ad-Hoc|iPhoneSimulator.ActiveCfg = Debug|Any CPU
		{42E97328-0808-4E80-83C6-E0C09C263A54}.Ad-Hoc|iPhoneSimulator.Build.0 = Debug|Any CPU
		{42E97328-0808-4E80-83C6-E0C09C263A54}.AppStore|Any CPU.ActiveCfg = Debug|Any CPU
		{42E97328-0808-4E80-83C6-E0C09C263A54}.AppStore|Any CPU.Build.0 = Debug|Any CPU
		{42E97328-0808-4E80-83C6-E0C09C263A54}.AppStore|iPhone.ActiveCfg = Debug|Any CPU
		{42E97328-0808-4E80-83C6-E0C09C263A54}.AppStore|iPhone.Build.0 = Debug|Any CPU
		{42E97328-0808-4E80-83C6-E0C09C263A54}.AppStore|iPhoneSimulator.ActiveCfg = Debug|Any CPU
		{42E97328-0808-4E80-83C6-E0C09C263A54}.AppStore|iPhoneSimulator.Build.0 = Debug|Any CPU
		{42E97328-0808-4E80-83C6-E0C09C263A54}.Debug|Any CPU.ActiveCfg = Debug|Any CPU
		{42E97328-0808-4E80-83C6-E0C09C263A54}.Debug|Any CPU.Build.0 = Debug|Any CPU
		{42E97328-0808-4E80-83C6-E0C09C263A54}.Debug|iPhone.ActiveCfg = Debug|Any CPU
		{42E97328-0808-4E80-83C6-E0C09C263A54}.Debug|iPhone.Build.0 = Debug|Any CPU
		{42E97328-0808-4E80-83C6-E0C09C263A54}.Debug|iPhoneSimulator.ActiveCfg = Debug|Any CPU
		{42E97328-0808-4E80-83C6-E0C09C263A54}.Debug|iPhoneSimulator.Build.0 = Debug|Any CPU
		{42E97328-0808-4E80-83C6-E0C09C263A54}.Release|Any CPU.ActiveCfg = Release|Any CPU
		{42E97328-0808-4E80-83C6-E0C09C263A54}.Release|Any CPU.Build.0 = Release|Any CPU
		{42E97328-0808-4E80-83C6-E0C09C263A54}.Release|iPhone.ActiveCfg = Release|Any CPU
		{42E97328-0808-4E80-83C6-E0C09C263A54}.Release|iPhone.Build.0 = Release|Any CPU
		{42E97328-0808-4E80-83C6-E0C09C263A54}.Release|iPhoneSimulator.ActiveCfg = Release|Any CPU
		{42E97328-0808-4E80-83C6-E0C09C263A54}.Release|iPhoneSimulator.Build.0 = Release|Any CPU
	EndGlobalSection
	GlobalSection(SolutionProperties) = preSolution
		HideSolutionNode = FALSE
	EndGlobalSection
	GlobalSection(ExtensibilityGlobals) = postSolution
		VisualSVNWorkingCopyRoot = .
		SolutionGuid = {6370019C-E92B-4E94-AFB8-10842408C7EC}
	EndGlobalSection
EndGlobal
