
Microsoft Visual Studio Solution File, Format Version 12.00
# Visual Studio Version 16
VisualStudioVersion = 16.0.28922.388
MinimumVisualStudioVersion = 10.0.40219.1
Project("{9A19103F-16F7-4668-BE54-9A1E7A4F7556}") = "Dcomms.Core", "Dcomms.Core\Dcomms.Core.csproj", "{19CEA71C-9EAA-4E77-9DC8-EC0623D8D30B}"
EndProject
Project("{FAE04EC0-301F-11D3-BF4B-00C04F79EFBC}") = "Dcomms.PocTest1.Android", "Dcomms.PocTest1\Dcomms.PocTest1.Android\Dcomms.PocTest1.Android.csproj", "{C224C660-13F7-424E-A289-205CBB837BC8}"
EndProject
Project("{FAE04EC0-301F-11D3-BF4B-00C04F79EFBC}") = "Dcomms.PocTest1.iOS", "Dcomms.PocTest1\Dcomms.PocTest1.iOS\Dcomms.PocTest1.iOS.csproj", "{4465256C-3450-4070-9F76-79BB3671D5B5}"
EndProject
Project("{9A19103F-16F7-4668-BE54-9A1E7A4F7556}") = "Dcomms.PocTest1", "Dcomms.PocTest1\Dcomms.PocTest1\Dcomms.PocTest1.csproj", "{57D15200-EEA5-492D-BB04-D690C8B35D84}"
EndProject
Project("{FAE04EC0-301F-11D3-BF4B-00C04F79EFBC}") = "Dcomms.SandboxTester", "Dcomms.SandboxTester\Dcomms.SandboxTester.csproj", "{12507FEB-36A7-4753-BC0A-A86ABE3ADE42}"
EndProject
Global
	GlobalSection(SolutionConfigurationPlatforms) = preSolution
		Ad-Hoc|Any CPU = Ad-Hoc|Any CPU
		Ad-Hoc|iPhone = Ad-Hoc|iPhone
		Ad-Hoc|iPhoneSimulator = Ad-Hoc|iPhoneSimulator
		AppStore|Any CPU = AppStore|Any CPU
		AppStore|iPhone = AppStore|iPhone
		AppStore|iPhoneSimulator = AppStore|iPhoneSimulator
		Debug|Any CPU = Debug|Any CPU
		Debug|iPhone = Debug|iPhone
		Debug|iPhoneSimulator = Debug|iPhoneSimulator
		Release|Any CPU = Release|Any CPU
		Release|iPhone = Release|iPhone
		Release|iPhoneSimulator = Release|iPhoneSimulator
	EndGlobalSection
	GlobalSection(ProjectConfigurationPlatforms) = postSolution
		{19CEA71C-9EAA-4E77-9DC8-EC0623D8D30B}.Ad-Hoc|Any CPU.ActiveCfg = Release|Any CPU
		{19CEA71C-9EAA-4E77-9DC8-EC0623D8D30B}.Ad-Hoc|Any CPU.Build.0 = Release|Any CPU
		{19CEA71C-9EAA-4E77-9DC8-EC0623D8D30B}.Ad-Hoc|iPhone.ActiveCfg = Release|Any CPU
		{19CEA71C-9EAA-4E77-9DC8-EC0623D8D30B}.Ad-Hoc|iPhone.Build.0 = Release|Any CPU
		{19CEA71C-9EAA-4E77-9DC8-EC0623D8D30B}.Ad-Hoc|iPhoneSimulator.ActiveCfg = Release|Any CPU
		{19CEA71C-9EAA-4E77-9DC8-EC0623D8D30B}.Ad-Hoc|iPhoneSimulator.Build.0 = Release|Any CPU
		{19CEA71C-9EAA-4E77-9DC8-EC0623D8D30B}.AppStore|Any CPU.ActiveCfg = Release|Any CPU
		{19CEA71C-9EAA-4E77-9DC8-EC0623D8D30B}.AppStore|Any CPU.Build.0 = Release|Any CPU
		{19CEA71C-9EAA-4E77-9DC8-EC0623D8D30B}.AppStore|iPhone.ActiveCfg = Release|Any CPU
		{19CEA71C-9EAA-4E77-9DC8-EC0623D8D30B}.AppStore|iPhone.Build.0 = Release|Any CPU
		{19CEA71C-9EAA-4E77-9DC8-EC0623D8D30B}.AppStore|iPhoneSimulator.ActiveCfg = Release|Any CPU
		{19CEA71C-9EAA-4E77-9DC8-EC0623D8D30B}.AppStore|iPhoneSimulator.Build.0 = Release|Any CPU
		{19CEA71C-9EAA-4E77-9DC8-EC0623D8D30B}.Debug|Any CPU.ActiveCfg = Debug|Any CPU
		{19CEA71C-9EAA-4E77-9DC8-EC0623D8D30B}.Debug|Any CPU.Build.0 = Debug|Any CPU
		{19CEA71C-9EAA-4E77-9DC8-EC0623D8D30B}.Debug|iPhone.ActiveCfg = Debug|Any CPU
		{19CEA71C-9EAA-4E77-9DC8-EC0623D8D30B}.Debug|iPhone.Build.0 = Debug|Any CPU
		{19CEA71C-9EAA-4E77-9DC8-EC0623D8D30B}.Debug|iPhoneSimulator.ActiveCfg = Debug|Any CPU
		{19CEA71C-9EAA-4E77-9DC8-EC0623D8D30B}.Debug|iPhoneSimulator.Build.0 = Debug|Any CPU
		{19CEA71C-9EAA-4E77-9DC8-EC0623D8D30B}.Release|Any CPU.ActiveCfg = Release|Any CPU
		{19CEA71C-9EAA-4E77-9DC8-EC0623D8D30B}.Release|Any CPU.Build.0 = Release|Any CPU
		{19CEA71C-9EAA-4E77-9DC8-EC0623D8D30B}.Release|iPhone.ActiveCfg = Release|Any CPU
		{19CEA71C-9EAA-4E77-9DC8-EC0623D8D30B}.Release|iPhone.Build.0 = Release|Any CPU
		{19CEA71C-9EAA-4E77-9DC8-EC0623D8D30B}.Release|iPhoneSimulator.ActiveCfg = Release|Any CPU
		{19CEA71C-9EAA-4E77-9DC8-EC0623D8D30B}.Release|iPhoneSimulator.Build.0 = Release|Any CPU
		{C224C660-13F7-424E-A289-205CBB837BC8}.Ad-Hoc|Any CPU.ActiveCfg = Release|Any CPU
		{C224C660-13F7-424E-A289-205CBB837BC8}.Ad-Hoc|Any CPU.Build.0 = Release|Any CPU
		{C224C660-13F7-424E-A289-205CBB837BC8}.Ad-Hoc|Any CPU.Deploy.0 = Release|Any CPU
		{C224C660-13F7-424E-A289-205CBB837BC8}.Ad-Hoc|iPhone.ActiveCfg = Release|Any CPU
		{C224C660-13F7-424E-A289-205CBB837BC8}.Ad-Hoc|iPhone.Build.0 = Release|Any CPU
		{C224C660-13F7-424E-A289-205CBB837BC8}.Ad-Hoc|iPhone.Deploy.0 = Release|Any CPU
		{C224C660-13F7-424E-A289-205CBB837BC8}.Ad-Hoc|iPhoneSimulator.ActiveCfg = Release|Any CPU
		{C224C660-13F7-424E-A289-205CBB837BC8}.Ad-Hoc|iPhoneSimulator.Build.0 = Release|Any CPU
		{C224C660-13F7-424E-A289-205CBB837BC8}.Ad-Hoc|iPhoneSimulator.Deploy.0 = Release|Any CPU
		{C224C660-13F7-424E-A289-205CBB837BC8}.AppStore|Any CPU.ActiveCfg = Release|Any CPU
		{C224C660-13F7-424E-A289-205CBB837BC8}.AppStore|Any CPU.Build.0 = Release|Any CPU
		{C224C660-13F7-424E-A289-205CBB837BC8}.AppStore|Any CPU.Deploy.0 = Release|Any CPU
		{C224C660-13F7-424E-A289-205CBB837BC8}.AppStore|iPhone.ActiveCfg = Release|Any CPU
		{C224C660-13F7-424E-A289-205CBB837BC8}.AppStore|iPhone.Build.0 = Release|Any CPU
		{C224C660-13F7-424E-A289-205CBB837BC8}.AppStore|iPhone.Deploy.0 = Release|Any CPU
		{C224C660-13F7-424E-A289-205CBB837BC8}.AppStore|iPhoneSimulator.ActiveCfg = Release|Any CPU
		{C224C660-13F7-424E-A289-205CBB837BC8}.AppStore|iPhoneSimulator.Build.0 = Release|Any CPU
		{C224C660-13F7-424E-A289-205CBB837BC8}.AppStore|iPhoneSimulator.Deploy.0 = Release|Any CPU
		{C224C660-13F7-424E-A289-205CBB837BC8}.Debug|Any CPU.ActiveCfg = Debug|Any CPU
		{C224C660-13F7-424E-A289-205CBB837BC8}.Debug|Any CPU.Build.0 = Debug|Any CPU
		{C224C660-13F7-424E-A289-205CBB837BC8}.Debug|Any CPU.Deploy.0 = Debug|Any CPU
		{C224C660-13F7-424E-A289-205CBB837BC8}.Debug|iPhone.ActiveCfg = Debug|Any CPU
		{C224C660-13F7-424E-A289-205CBB837BC8}.Debug|iPhone.Build.0 = Debug|Any CPU
		{C224C660-13F7-424E-A289-205CBB837BC8}.Debug|iPhone.Deploy.0 = Debug|Any CPU
		{C224C660-13F7-424E-A289-205CBB837BC8}.Debug|iPhoneSimulator.ActiveCfg = Debug|Any CPU
		{C224C660-13F7-424E-A289-205CBB837BC8}.Debug|iPhoneSimulator.Build.0 = Debug|Any CPU
		{C224C660-13F7-424E-A289-205CBB837BC8}.Debug|iPhoneSimulator.Deploy.0 = Debug|Any CPU
		{C224C660-13F7-424E-A289-205CBB837BC8}.Release|Any CPU.ActiveCfg = Release|Any CPU
		{C224C660-13F7-424E-A289-205CBB837BC8}.Release|Any CPU.Build.0 = Release|Any CPU
		{C224C660-13F7-424E-A289-205CBB837BC8}.Release|Any CPU.Deploy.0 = Release|Any CPU
		{C224C660-13F7-424E-A289-205CBB837BC8}.Release|iPhone.ActiveCfg = Release|Any CPU
		{C224C660-13F7-424E-A289-205CBB837BC8}.Release|iPhone.Build.0 = Release|Any CPU
		{C224C660-13F7-424E-A289-205CBB837BC8}.Release|iPhone.Deploy.0 = Release|Any CPU
		{C224C660-13F7-424E-A289-205CBB837BC8}.Release|iPhoneSimulator.ActiveCfg = Release|Any CPU
		{C224C660-13F7-424E-A289-205CBB837BC8}.Release|iPhoneSimulator.Build.0 = Release|Any CPU
		{C224C660-13F7-424E-A289-205CBB837BC8}.Release|iPhoneSimulator.Deploy.0 = Release|Any CPU
		{4465256C-3450-4070-9F76-79BB3671D5B5}.Ad-Hoc|Any CPU.ActiveCfg = Release|iPhone
		{4465256C-3450-4070-9F76-79BB3671D5B5}.Ad-Hoc|Any CPU.Build.0 = Release|iPhone
		{4465256C-3450-4070-9F76-79BB3671D5B5}.Ad-Hoc|iPhone.ActiveCfg = Release|iPhone
		{4465256C-3450-4070-9F76-79BB3671D5B5}.Ad-Hoc|iPhone.Build.0 = Release|iPhone
		{4465256C-3450-4070-9F76-79BB3671D5B5}.Ad-Hoc|iPhoneSimulator.ActiveCfg = Release|iPhoneSimulator
		{4465256C-3450-4070-9F76-79BB3671D5B5}.Ad-Hoc|iPhoneSimulator.Build.0 = Release|iPhoneSimulator
		{4465256C-3450-4070-9F76-79BB3671D5B5}.AppStore|Any CPU.ActiveCfg = Release|iPhone
		{4465256C-3450-4070-9F76-79BB3671D5B5}.AppStore|Any CPU.Build.0 = Release|iPhone
		{4465256C-3450-4070-9F76-79BB3671D5B5}.AppStore|iPhone.ActiveCfg = Release|iPhone
		{4465256C-3450-4070-9F76-79BB3671D5B5}.AppStore|iPhone.Build.0 = Release|iPhone
		{4465256C-3450-4070-9F76-79BB3671D5B5}.AppStore|iPhoneSimulator.ActiveCfg = Release|iPhoneSimulator
		{4465256C-3450-4070-9F76-79BB3671D5B5}.AppStore|iPhoneSimulator.Build.0 = Release|iPhoneSimulator
		{4465256C-3450-4070-9F76-79BB3671D5B5}.Debug|Any CPU.ActiveCfg = Debug|iPhone
		{4465256C-3450-4070-9F76-79BB3671D5B5}.Debug|iPhone.ActiveCfg = Debug|iPhone
		{4465256C-3450-4070-9F76-79BB3671D5B5}.Debug|iPhone.Build.0 = Debug|iPhone
		{4465256C-3450-4070-9F76-79BB3671D5B5}.Debug|iPhoneSimulator.ActiveCfg = Debug|iPhoneSimulator
		{4465256C-3450-4070-9F76-79BB3671D5B5}.Debug|iPhoneSimulator.Build.0 = Debug|iPhoneSimulator
		{4465256C-3450-4070-9F76-79BB3671D5B5}.Release|Any CPU.ActiveCfg = Release|iPhone
		{4465256C-3450-4070-9F76-79BB3671D5B5}.Release|iPhone.ActiveCfg = Release|iPhone
		{4465256C-3450-4070-9F76-79BB3671D5B5}.Release|iPhone.Build.0 = Release|iPhone
		{4465256C-3450-4070-9F76-79BB3671D5B5}.Release|iPhoneSimulator.ActiveCfg = Release|iPhoneSimulator
		{4465256C-3450-4070-9F76-79BB3671D5B5}.Release|iPhoneSimulator.Build.0 = Release|iPhoneSimulator
		{57D15200-EEA5-492D-BB04-D690C8B35D84}.Ad-Hoc|Any CPU.ActiveCfg = Debug|Any CPU
		{57D15200-EEA5-492D-BB04-D690C8B35D84}.Ad-Hoc|Any CPU.Build.0 = Debug|Any CPU
		{57D15200-EEA5-492D-BB04-D690C8B35D84}.Ad-Hoc|iPhone.ActiveCfg = Debug|Any CPU
		{57D15200-EEA5-492D-BB04-D690C8B35D84}.Ad-Hoc|iPhone.Build.0 = Debug|Any CPU
		{57D15200-EEA5-492D-BB04-D690C8B35D84}.Ad-Hoc|iPhoneSimulator.ActiveCfg = Debug|Any CPU
		{57D15200-EEA5-492D-BB04-D690C8B35D84}.Ad-Hoc|iPhoneSimulator.Build.0 = Debug|Any CPU
		{57D15200-EEA5-492D-BB04-D690C8B35D84}.AppStore|Any CPU.ActiveCfg = Debug|Any CPU
		{57D15200-EEA5-492D-BB04-D690C8B35D84}.AppStore|Any CPU.Build.0 = Debug|Any CPU
		{57D15200-EEA5-492D-BB04-D690C8B35D84}.AppStore|iPhone.ActiveCfg = Debug|Any CPU
		{57D15200-EEA5-492D-BB04-D690C8B35D84}.AppStore|iPhone.Build.0 = Debug|Any CPU
		{57D15200-EEA5-492D-BB04-D690C8B35D84}.AppStore|iPhoneSimulator.ActiveCfg = Debug|Any CPU
		{57D15200-EEA5-492D-BB04-D690C8B35D84}.AppStore|iPhoneSimulator.Build.0 = Debug|Any CPU
		{57D15200-EEA5-492D-BB04-D690C8B35D84}.Debug|Any CPU.ActiveCfg = Debug|Any CPU
		{57D15200-EEA5-492D-BB04-D690C8B35D84}.Debug|Any CPU.Build.0 = Debug|Any CPU
		{57D15200-EEA5-492D-BB04-D690C8B35D84}.Debug|iPhone.ActiveCfg = Debug|Any CPU
		{57D15200-EEA5-492D-BB04-D690C8B35D84}.Debug|iPhone.Build.0 = Debug|Any CPU
		{57D15200-EEA5-492D-BB04-D690C8B35D84}.Debug|iPhoneSimulator.ActiveCfg = Debug|Any CPU
		{57D15200-EEA5-492D-BB04-D690C8B35D84}.Debug|iPhoneSimulator.Build.0 = Debug|Any CPU
		{57D15200-EEA5-492D-BB04-D690C8B35D84}.Release|Any CPU.ActiveCfg = Release|Any CPU
		{57D15200-EEA5-492D-BB04-D690C8B35D84}.Release|Any CPU.Build.0 = Release|Any CPU
		{57D15200-EEA5-492D-BB04-D690C8B35D84}.Release|iPhone.ActiveCfg = Release|Any CPU
		{57D15200-EEA5-492D-BB04-D690C8B35D84}.Release|iPhone.Build.0 = Release|Any CPU
		{57D15200-EEA5-492D-BB04-D690C8B35D84}.Release|iPhoneSimulator.ActiveCfg = Release|Any CPU
		{57D15200-EEA5-492D-BB04-D690C8B35D84}.Release|iPhoneSimulator.Build.0 = Release|Any CPU
		{12507FEB-36A7-4753-BC0A-A86ABE3ADE42}.Ad-Hoc|Any CPU.ActiveCfg = Release|Any CPU
		{12507FEB-36A7-4753-BC0A-A86ABE3ADE42}.Ad-Hoc|Any CPU.Build.0 = Release|Any CPU
		{12507FEB-36A7-4753-BC0A-A86ABE3ADE42}.Ad-Hoc|iPhone.ActiveCfg = Release|Any CPU
		{12507FEB-36A7-4753-BC0A-A86ABE3ADE42}.Ad-Hoc|iPhone.Build.0 = Release|Any CPU
		{12507FEB-36A7-4753-BC0A-A86ABE3ADE42}.Ad-Hoc|iPhoneSimulator.ActiveCfg = Release|Any CPU
		{12507FEB-36A7-4753-BC0A-A86ABE3ADE42}.Ad-Hoc|iPhoneSimulator.Build.0 = Release|Any CPU
		{12507FEB-36A7-4753-BC0A-A86ABE3ADE42}.AppStore|Any CPU.ActiveCfg = Release|Any CPU
		{12507FEB-36A7-4753-BC0A-A86ABE3ADE42}.AppStore|Any CPU.Build.0 = Release|Any CPU
		{12507FEB-36A7-4753-BC0A-A86ABE3ADE42}.AppStore|iPhone.ActiveCfg = Release|Any CPU
		{12507FEB-36A7-4753-BC0A-A86ABE3ADE42}.AppStore|iPhone.Build.0 = Release|Any CPU
		{12507FEB-36A7-4753-BC0A-A86ABE3ADE42}.AppStore|iPhoneSimulator.ActiveCfg = Release|Any CPU
		{12507FEB-36A7-4753-BC0A-A86ABE3ADE42}.AppStore|iPhoneSimulator.Build.0 = Release|Any CPU
		{12507FEB-36A7-4753-BC0A-A86ABE3ADE42}.Debug|Any CPU.ActiveCfg = Debug|Any CPU
		{12507FEB-36A7-4753-BC0A-A86ABE3ADE42}.Debug|Any CPU.Build.0 = Debug|Any CPU
		{12507FEB-36A7-4753-BC0A-A86ABE3ADE42}.Debug|iPhone.ActiveCfg = Debug|Any CPU
		{12507FEB-36A7-4753-BC0A-A86ABE3ADE42}.Debug|iPhone.Build.0 = Debug|Any CPU
		{12507FEB-36A7-4753-BC0A-A86ABE3ADE42}.Debug|iPhoneSimulator.ActiveCfg = Debug|Any CPU
		{12507FEB-36A7-4753-BC0A-A86ABE3ADE42}.Debug|iPhoneSimulator.Build.0 = Debug|Any CPU
		{12507FEB-36A7-4753-BC0A-A86ABE3ADE42}.Release|Any CPU.ActiveCfg = Release|Any CPU
		{12507FEB-36A7-4753-BC0A-A86ABE3ADE42}.Release|Any CPU.Build.0 = Release|Any CPU
		{12507FEB-36A7-4753-BC0A-A86ABE3ADE42}.Release|iPhone.ActiveCfg = Release|Any CPU
		{12507FEB-36A7-4753-BC0A-A86ABE3ADE42}.Release|iPhone.Build.0 = Release|Any CPU
		{12507FEB-36A7-4753-BC0A-A86ABE3ADE42}.Release|iPhoneSimulator.ActiveCfg = Release|Any CPU
		{12507FEB-36A7-4753-BC0A-A86ABE3ADE42}.Release|iPhoneSimulator.Build.0 = Release|Any CPU
	EndGlobalSection
	GlobalSection(SolutionProperties) = preSolution
		HideSolutionNode = FALSE
	EndGlobalSection
	GlobalSection(ExtensibilityGlobals) = postSolution
		VisualSVNWorkingCopyRoot = .
		SolutionGuid = {6370019C-E92B-4E94-AFB8-10842408C7EC}
	EndGlobalSection
EndGlobal
